// !$*UTF8*$!
{
	archiveVersion = 1;
	classes = {
	};
	objectVersion = 56;
	objects = {

/* Begin PBXBuildFile section */
		940327902A7E41AE00964161 /* DetailsScreen.swift in Sources */ = {isa = PBXBuildFile; fileRef = 9403278F2A7E41AE00964161 /* DetailsScreen.swift */; };
		940327932A7E429D00964161 /* CircleButton.swift in Sources */ = {isa = PBXBuildFile; fileRef = 940327922A7E429D00964161 /* CircleButton.swift */; };
		9426D44E29F7D064000F4168 /* kidsappApp.swift in Sources */ = {isa = PBXBuildFile; fileRef = 9426D44D29F7D064000F4168 /* kidsappApp.swift */; };
		9426D45029F7D064000F4168 /* HomeScreen.swift in Sources */ = {isa = PBXBuildFile; fileRef = 9426D44F29F7D064000F4168 /* HomeScreen.swift */; };
		9426D45229F7D067000F4168 /* Assets.xcassets in Resources */ = {isa = PBXBuildFile; fileRef = 9426D45129F7D067000F4168 /* Assets.xcassets */; };
		94860FD32A01B3DC00F18FA0 /* Preview Content.xcassets in Resources */ = {isa = PBXBuildFile; fileRef = 94860FD22A01B3DC00F18FA0 /* Preview Content.xcassets */; };
		9499822E2A01ADB70049E2BA /* StrokeTextLabel.swift in Sources */ = {isa = PBXBuildFile; fileRef = 9499822D2A01ADB70049E2BA /* StrokeTextLabel.swift */; };
		94D6411129FC180100FD28BE /* GroupModel.swift in Sources */ = {isa = PBXBuildFile; fileRef = 94D6411029FC180100FD28BE /* GroupModel.swift */; };
		94D6411329FC181600FD28BE /* ItemModel.swift in Sources */ = {isa = PBXBuildFile; fileRef = 94D6411229FC181600FD28BE /* ItemModel.swift */; };
		94D6411529FC18A300FD28BE /* DataManager.swift in Sources */ = {isa = PBXBuildFile; fileRef = 94D6411429FC18A300FD28BE /* DataManager.swift */; };
		94E78EB42A6938C80023FA86 /* ACarouselViewModel.swift in Sources */ = {isa = PBXBuildFile; fileRef = 94E78EAF2A6938C80023FA86 /* ACarouselViewModel.swift */; };
		94E78EB52A6938C80023FA86 /* ACarousel.swift in Sources */ = {isa = PBXBuildFile; fileRef = 94E78EB02A6938C80023FA86 /* ACarousel.swift */; };
		94E78EB62A6938C80023FA86 /* View+ReceiveTimer.swift in Sources */ = {isa = PBXBuildFile; fileRef = 94E78EB12A6938C80023FA86 /* View+ReceiveTimer.swift */; };
		94E78EB72A6938C80023FA86 /* ACarouselAutoScroll.swift in Sources */ = {isa = PBXBuildFile; fileRef = 94E78EB22A6938C80023FA86 /* ACarouselAutoScroll.swift */; };
		94E78EB82A6938C80023FA86 /* AppLifeCycleModifier.swift in Sources */ = {isa = PBXBuildFile; fileRef = 94E78EB32A6938C80023FA86 /* AppLifeCycleModifier.swift */; };
/* End PBXBuildFile section */

/* Begin PBXFileReference section */
		9403278F2A7E41AE00964161 /* DetailsScreen.swift */ = {isa = PBXFileReference; lastKnownFileType = sourcecode.swift; path = DetailsScreen.swift; sourceTree = "<group>"; };
		940327922A7E429D00964161 /* CircleButton.swift */ = {isa = PBXFileReference; lastKnownFileType = sourcecode.swift; path = CircleButton.swift; sourceTree = "<group>"; };
		9426D44A29F7D064000F4168 /* kidsapp.app */ = {isa = PBXFileReference; explicitFileType = wrapper.application; includeInIndex = 0; path = kidsapp.app; sourceTree = BUILT_PRODUCTS_DIR; };
		9426D44D29F7D064000F4168 /* kidsappApp.swift */ = {isa = PBXFileReference; lastKnownFileType = sourcecode.swift; path = kidsappApp.swift; sourceTree = "<group>"; };
		9426D44F29F7D064000F4168 /* HomeScreen.swift */ = {isa = PBXFileReference; lastKnownFileType = sourcecode.swift; path = HomeScreen.swift; sourceTree = "<group>"; };
		9426D45129F7D067000F4168 /* Assets.xcassets */ = {isa = PBXFileReference; lastKnownFileType = folder.assetcatalog; path = Assets.xcassets; sourceTree = "<group>"; };
		9426D45329F7D067000F4168 /* kidsapp.entitlements */ = {isa = PBXFileReference; lastKnownFileType = text.plist.entitlements; path = kidsapp.entitlements; sourceTree = "<group>"; };
		94860FD22A01B3DC00F18FA0 /* Preview Content.xcassets */ = {isa = PBXFileReference; lastKnownFileType = folder.assetcatalog; path = "Preview Content.xcassets"; sourceTree = "<group>"; };
		9499822D2A01ADB70049E2BA /* StrokeTextLabel.swift */ = {isa = PBXFileReference; lastKnownFileType = sourcecode.swift; path = StrokeTextLabel.swift; sourceTree = "<group>"; };
		94D6411029FC180100FD28BE /* GroupModel.swift */ = {isa = PBXFileReference; lastKnownFileType = sourcecode.swift; path = GroupModel.swift; sourceTree = "<group>"; };
		94D6411229FC181600FD28BE /* ItemModel.swift */ = {isa = PBXFileReference; lastKnownFileType = sourcecode.swift; path = ItemModel.swift; sourceTree = "<group>"; };
		94D6411429FC18A300FD28BE /* DataManager.swift */ = {isa = PBXFileReference; lastKnownFileType = sourcecode.swift; path = DataManager.swift; sourceTree = "<group>"; };
		94E78EAF2A6938C80023FA86 /* ACarouselViewModel.swift */ = {isa = PBXFileReference; fileEncoding = 4; lastKnownFileType = sourcecode.swift; path = ACarouselViewModel.swift; sourceTree = "<group>"; };
		94E78EB02A6938C80023FA86 /* ACarousel.swift */ = {isa = PBXFileReference; fileEncoding = 4; lastKnownFileType = sourcecode.swift; path = ACarousel.swift; sourceTree = "<group>"; };
		94E78EB12A6938C80023FA86 /* View+ReceiveTimer.swift */ = {isa = PBXFileReference; fileEncoding = 4; lastKnownFileType = sourcecode.swift; path = "View+ReceiveTimer.swift"; sourceTree = "<group>"; };
		94E78EB22A6938C80023FA86 /* ACarouselAutoScroll.swift */ = {isa = PBXFileReference; fileEncoding = 4; lastKnownFileType = sourcecode.swift; path = ACarouselAutoScroll.swift; sourceTree = "<group>"; };
		94E78EB32A6938C80023FA86 /* AppLifeCycleModifier.swift */ = {isa = PBXFileReference; fileEncoding = 4; lastKnownFileType = sourcecode.swift; path = AppLifeCycleModifier.swift; sourceTree = "<group>"; };
/* End PBXFileReference section */

/* Begin PBXFrameworksBuildPhase section */
		9426D44729F7D064000F4168 /* Frameworks */ = {
			isa = PBXFrameworksBuildPhase;
			buildActionMask = 2147483647;
			files = (
			);
			runOnlyForDeploymentPostprocessing = 0;
		};
/* End PBXFrameworksBuildPhase section */

/* Begin PBXGroup section */
		940327912A7E429000964161 /* Views */ = {
			isa = PBXGroup;
			children = (
				940327922A7E429D00964161 /* CircleButton.swift */,
			);
			path = Views;
			sourceTree = "<group>";
		};
		940327942A7E434D00964161 /* Screens */ = {
			isa = PBXGroup;
			children = (
				9426D44F29F7D064000F4168 /* HomeScreen.swift */,
				9403278F2A7E41AE00964161 /* DetailsScreen.swift */,
			);
			path = Screens;
			sourceTree = "<group>";
		};
		9426D44129F7D064000F4168 = {
			isa = PBXGroup;
			children = (
				94860FD22A01B3DC00F18FA0 /* Preview Content.xcassets */,
				9426D44C29F7D064000F4168 /* kidsapp */,
				9426D44B29F7D064000F4168 /* Products */,
			);
			sourceTree = "<group>";
		};
		9426D44B29F7D064000F4168 /* Products */ = {
			isa = PBXGroup;
			children = (
				9426D44A29F7D064000F4168 /* kidsapp.app */,
			);
			name = Products;
			sourceTree = "<group>";
		};
		9426D44C29F7D064000F4168 /* kidsapp */ = {
			isa = PBXGroup;
			children = (
				94860FD12A01B25500F18FA0 /* CustomLibs */,
				94860FD02A01B24200F18FA0 /* Assets */,
				94860FCF2A01B23B00F18FA0 /* App */,
				94D6410F29FC17F200FD28BE /* Data */,
				9426D44D29F7D064000F4168 /* kidsappApp.swift */,
				9426D45329F7D067000F4168 /* kidsapp.entitlements */,
			);
			path = kidsapp;
			sourceTree = "<group>";
		};
		94860FCF2A01B23B00F18FA0 /* App */ = {
			isa = PBXGroup;
			children = (
				940327942A7E434D00964161 /* Screens */,
				940327912A7E429000964161 /* Views */,
			);
			path = App;
			sourceTree = "<group>";
		};
		94860FD02A01B24200F18FA0 /* Assets */ = {
			isa = PBXGroup;
			children = (
				9426D45129F7D067000F4168 /* Assets.xcassets */,
			);
			path = Assets;
			sourceTree = "<group>";
		};
		94860FD12A01B25500F18FA0 /* CustomLibs */ = {
			isa = PBXGroup;
			children = (
				94E78EAE2A6938C80023FA86 /* ACarousel */,
				9499822D2A01ADB70049E2BA /* StrokeTextLabel.swift */,
			);
			path = CustomLibs;
			sourceTree = "<group>";
		};
		94D6410F29FC17F200FD28BE /* Data */ = {
			isa = PBXGroup;
			children = (
				94D6411029FC180100FD28BE /* GroupModel.swift */,
				94D6411229FC181600FD28BE /* ItemModel.swift */,
				94D6411429FC18A300FD28BE /* DataManager.swift */,
			);
			path = Data;
			sourceTree = "<group>";
		};
		94E78EAE2A6938C80023FA86 /* ACarousel */ = {
			isa = PBXGroup;
			children = (
				94E78EAF2A6938C80023FA86 /* ACarouselViewModel.swift */,
				94E78EB02A6938C80023FA86 /* ACarousel.swift */,
				94E78EB12A6938C80023FA86 /* View+ReceiveTimer.swift */,
				94E78EB22A6938C80023FA86 /* ACarouselAutoScroll.swift */,
				94E78EB32A6938C80023FA86 /* AppLifeCycleModifier.swift */,
			);
			path = ACarousel;
			sourceTree = "<group>";
		};
/* End PBXGroup section */

/* Begin PBXNativeTarget section */
		9426D44929F7D064000F4168 /* kidsapp */ = {
			isa = PBXNativeTarget;
			buildConfigurationList = 9426D46F29F7D067000F4168 /* Build configuration list for PBXNativeTarget "kidsapp" */;
			buildPhases = (
				9426D44629F7D064000F4168 /* Sources */,
				9426D44729F7D064000F4168 /* Frameworks */,
				9426D44829F7D064000F4168 /* Resources */,
			);
			buildRules = (
			);
			dependencies = (
			);
			name = kidsapp;
			packageProductDependencies = (
			);
			productName = kidsapp;
			productReference = 9426D44A29F7D064000F4168 /* kidsapp.app */;
			productType = "com.apple.product-type.application";
		};
/* End PBXNativeTarget section */

/* Begin PBXProject section */
		9426D44229F7D064000F4168 /* Project object */ = {
			isa = PBXProject;
			attributes = {
				BuildIndependentTargetsInParallel = 1;
				LastSwiftUpdateCheck = 1420;
				LastUpgradeCheck = 1420;
				TargetAttributes = {
					9426D44929F7D064000F4168 = {
						CreatedOnToolsVersion = 14.2;
					};
				};
			};
			buildConfigurationList = 9426D44529F7D064000F4168 /* Build configuration list for PBXProject "kidsapp" */;
			compatibilityVersion = "Xcode 14.0";
			developmentRegion = en;
			hasScannedForEncodings = 0;
			knownRegions = (
				en,
				Base,
			);
			mainGroup = 9426D44129F7D064000F4168;
			packageReferences = (
			);
			productRefGroup = 9426D44B29F7D064000F4168 /* Products */;
			projectDirPath = "";
			projectRoot = "";
			targets = (
				9426D44929F7D064000F4168 /* kidsapp */,
			);
		};
/* End PBXProject section */

/* Begin PBXResourcesBuildPhase section */
		9426D44829F7D064000F4168 /* Resources */ = {
			isa = PBXResourcesBuildPhase;
			buildActionMask = 2147483647;
			files = (
				9426D45229F7D067000F4168 /* Assets.xcassets in Resources */,
				94860FD32A01B3DC00F18FA0 /* Preview Content.xcassets in Resources */,
			);
			runOnlyForDeploymentPostprocessing = 0;
		};
/* End PBXResourcesBuildPhase section */

/* Begin PBXSourcesBuildPhase section */
		9426D44629F7D064000F4168 /* Sources */ = {
			isa = PBXSourcesBuildPhase;
			buildActionMask = 2147483647;
			files = (
				9426D45029F7D064000F4168 /* HomeScreen.swift in Sources */,
				940327902A7E41AE00964161 /* DetailsScreen.swift in Sources */,
				94E78EB52A6938C80023FA86 /* ACarousel.swift in Sources */,
				94D6411529FC18A300FD28BE /* DataManager.swift in Sources */,
				9426D44E29F7D064000F4168 /* kidsappApp.swift in Sources */,
				94E78EB42A6938C80023FA86 /* ACarouselViewModel.swift in Sources */,
				94E78EB72A6938C80023FA86 /* ACarouselAutoScroll.swift in Sources */,
				94E78EB82A6938C80023FA86 /* AppLifeCycleModifier.swift in Sources */,
				94E78EB62A6938C80023FA86 /* View+ReceiveTimer.swift in Sources */,
				94D6411329FC181600FD28BE /* ItemModel.swift in Sources */,
				940327932A7E429D00964161 /* CircleButton.swift in Sources */,
				94D6411129FC180100FD28BE /* GroupModel.swift in Sources */,
				9499822E2A01ADB70049E2BA /* StrokeTextLabel.swift in Sources */,
			);
			runOnlyForDeploymentPostprocessing = 0;
		};
/* End PBXSourcesBuildPhase section */

/* Begin XCBuildConfiguration section */
		9426D46D29F7D067000F4168 /* Debug */ = {
			isa = XCBuildConfiguration;
			buildSettings = {
				ALWAYS_SEARCH_USER_PATHS = NO;
				CLANG_ANALYZER_NONNULL = YES;
				CLANG_ANALYZER_NUMBER_OBJECT_CONVERSION = YES_AGGRESSIVE;
				CLANG_CXX_LANGUAGE_STANDARD = "gnu++20";
				CLANG_ENABLE_MODULES = YES;
				CLANG_ENABLE_OBJC_ARC = YES;
				CLANG_ENABLE_OBJC_WEAK = YES;
				CLANG_WARN_BLOCK_CAPTURE_AUTORELEASING = YES;
				CLANG_WARN_BOOL_CONVERSION = YES;
				CLANG_WARN_COMMA = YES;
				CLANG_WARN_CONSTANT_CONVERSION = YES;
				CLANG_WARN_DEPRECATED_OBJC_IMPLEMENTATIONS = YES;
				CLANG_WARN_DIRECT_OBJC_ISA_USAGE = YES_ERROR;
				CLANG_WARN_DOCUMENTATION_COMMENTS = YES;
				CLANG_WARN_EMPTY_BODY = YES;
				CLANG_WARN_ENUM_CONVERSION = YES;
				CLANG_WARN_INFINITE_RECURSION = YES;
				CLANG_WARN_INT_CONVERSION = YES;
				CLANG_WARN_NON_LITERAL_NULL_CONVERSION = YES;
				CLANG_WARN_OBJC_IMPLICIT_RETAIN_SELF = YES;
				CLANG_WARN_OBJC_LITERAL_CONVERSION = YES;
				CLANG_WARN_OBJC_ROOT_CLASS = YES_ERROR;
				CLANG_WARN_QUOTED_INCLUDE_IN_FRAMEWORK_HEADER = YES;
				CLANG_WARN_RANGE_LOOP_ANALYSIS = YES;
				CLANG_WARN_STRICT_PROTOTYPES = YES;
				CLANG_WARN_SUSPICIOUS_MOVE = YES;
				CLANG_WARN_UNGUARDED_AVAILABILITY = YES_AGGRESSIVE;
				CLANG_WARN_UNREACHABLE_CODE = YES;
				CLANG_WARN__DUPLICATE_METHOD_MATCH = YES;
				COPY_PHASE_STRIP = NO;
				DEBUG_INFORMATION_FORMAT = dwarf;
				ENABLE_STRICT_OBJC_MSGSEND = YES;
				ENABLE_TESTABILITY = YES;
				GCC_C_LANGUAGE_STANDARD = gnu11;
				GCC_DYNAMIC_NO_PIC = NO;
				GCC_NO_COMMON_BLOCKS = YES;
				GCC_OPTIMIZATION_LEVEL = 0;
				GCC_PREPROCESSOR_DEFINITIONS = (
					"DEBUG=1",
					"$(inherited)",
				);
				GCC_WARN_64_TO_32_BIT_CONVERSION = YES;
				GCC_WARN_ABOUT_RETURN_TYPE = YES_ERROR;
				GCC_WARN_UNDECLARED_SELECTOR = YES;
				GCC_WARN_UNINITIALIZED_AUTOS = YES_AGGRESSIVE;
				GCC_WARN_UNUSED_FUNCTION = YES;
				GCC_WARN_UNUSED_VARIABLE = YES;
				MTL_ENABLE_DEBUG_INFO = INCLUDE_SOURCE;
				MTL_FAST_MATH = YES;
				ONLY_ACTIVE_ARCH = YES;
				SWIFT_ACTIVE_COMPILATION_CONDITIONS = DEBUG;
				SWIFT_OPTIMIZATION_LEVEL = "-Onone";
			};
			name = Debug;
		};
		9426D46E29F7D067000F4168 /* Release */ = {
			isa = XCBuildConfiguration;
			buildSettings = {
				ALWAYS_SEARCH_USER_PATHS = NO;
				CLANG_ANALYZER_NONNULL = YES;
				CLANG_ANALYZER_NUMBER_OBJECT_CONVERSION = YES_AGGRESSIVE;
				CLANG_CXX_LANGUAGE_STANDARD = "gnu++20";
				CLANG_ENABLE_MODULES = YES;
				CLANG_ENABLE_OBJC_ARC = YES;
				CLANG_ENABLE_OBJC_WEAK = YES;
				CLANG_WARN_BLOCK_CAPTURE_AUTORELEASING = YES;
				CLANG_WARN_BOOL_CONVERSION = YES;
				CLANG_WARN_COMMA = YES;
				CLANG_WARN_CONSTANT_CONVERSION = YES;
				CLANG_WARN_DEPRECATED_OBJC_IMPLEMENTATIONS = YES;
				CLANG_WARN_DIRECT_OBJC_ISA_USAGE = YES_ERROR;
				CLANG_WARN_DOCUMENTATION_COMMENTS = YES;
				CLANG_WARN_EMPTY_BODY = YES;
				CLANG_WARN_ENUM_CONVERSION = YES;
				CLANG_WARN_INFINITE_RECURSION = YES;
				CLANG_WARN_INT_CONVERSION = YES;
				CLANG_WARN_NON_LITERAL_NULL_CONVERSION = YES;
				CLANG_WARN_OBJC_IMPLICIT_RETAIN_SELF = YES;
				CLANG_WARN_OBJC_LITERAL_CONVERSION = YES;
				CLANG_WARN_OBJC_ROOT_CLASS = YES_ERROR;
				CLANG_WARN_QUOTED_INCLUDE_IN_FRAMEWORK_HEADER = YES;
				CLANG_WARN_RANGE_LOOP_ANALYSIS = YES;
				CLANG_WARN_STRICT_PROTOTYPES = YES;
				CLANG_WARN_SUSPICIOUS_MOVE = YES;
				CLANG_WARN_UNGUARDED_AVAILABILITY = YES_AGGRESSIVE;
				CLANG_WARN_UNREACHABLE_CODE = YES;
				CLANG_WARN__DUPLICATE_METHOD_MATCH = YES;
				COPY_PHASE_STRIP = NO;
				DEBUG_INFORMATION_FORMAT = "dwarf-with-dsym";
				ENABLE_NS_ASSERTIONS = NO;
				ENABLE_STRICT_OBJC_MSGSEND = YES;
				GCC_C_LANGUAGE_STANDARD = gnu11;
				GCC_NO_COMMON_BLOCKS = YES;
				GCC_WARN_64_TO_32_BIT_CONVERSION = YES;
				GCC_WARN_ABOUT_RETURN_TYPE = YES_ERROR;
				GCC_WARN_UNDECLARED_SELECTOR = YES;
				GCC_WARN_UNINITIALIZED_AUTOS = YES_AGGRESSIVE;
				GCC_WARN_UNUSED_FUNCTION = YES;
				GCC_WARN_UNUSED_VARIABLE = YES;
				MTL_ENABLE_DEBUG_INFO = NO;
				MTL_FAST_MATH = YES;
				SWIFT_COMPILATION_MODE = wholemodule;
				SWIFT_OPTIMIZATION_LEVEL = "-O";
			};
			name = Release;
		};
		9426D47029F7D067000F4168 /* Debug */ = {
			isa = XCBuildConfiguration;
			buildSettings = {
				ASSETCATALOG_COMPILER_APPICON_NAME = AppIcon;
				ASSETCATALOG_COMPILER_GLOBAL_ACCENT_COLOR_NAME = AccentColor;
				CODE_SIGN_ENTITLEMENTS = kidsapp/kidsapp.entitlements;
				CODE_SIGN_STYLE = Automatic;
				CURRENT_PROJECT_VERSION = 1;
				DEVELOPMENT_TEAM = CV7W54NWGZ;
				ENABLE_HARDENED_RUNTIME = YES;
				ENABLE_PREVIEWS = YES;
				GENERATE_INFOPLIST_FILE = YES;
				"INFOPLIST_KEY_UIApplicationSceneManifest_Generation[sdk=iphoneos*]" = YES;
				"INFOPLIST_KEY_UIApplicationSceneManifest_Generation[sdk=iphonesimulator*]" = YES;
				"INFOPLIST_KEY_UIApplicationSupportsIndirectInputEvents[sdk=iphoneos*]" = YES;
				"INFOPLIST_KEY_UIApplicationSupportsIndirectInputEvents[sdk=iphonesimulator*]" = YES;
				"INFOPLIST_KEY_UILaunchScreen_Generation[sdk=iphoneos*]" = YES;
				"INFOPLIST_KEY_UILaunchScreen_Generation[sdk=iphonesimulator*]" = YES;
				"INFOPLIST_KEY_UIStatusBarStyle[sdk=iphoneos*]" = UIStatusBarStyleDefault;
				"INFOPLIST_KEY_UIStatusBarStyle[sdk=iphonesimulator*]" = UIStatusBarStyleDefault;
				INFOPLIST_KEY_UISupportedInterfaceOrientations = UIInterfaceOrientationPortrait;
				INFOPLIST_KEY_UISupportedInterfaceOrientations_iPad = "UIInterfaceOrientationLandscapeLeft UIInterfaceOrientationLandscapeRight UIInterfaceOrientationPortrait UIInterfaceOrientationPortraitUpsideDown";
				IPHONEOS_DEPLOYMENT_TARGET = 16.2;
				LD_RUNPATH_SEARCH_PATHS = "@executable_path/Frameworks";
				"LD_RUNPATH_SEARCH_PATHS[sdk=macosx*]" = "@executable_path/../Frameworks";
				MACOSX_DEPLOYMENT_TARGET = 12.6;
				MARKETING_VERSION = 1.0;
				PRODUCT_BUNDLE_IDENTIFIER = com.makeinindia.kidsapp;
				PRODUCT_NAME = "$(TARGET_NAME)";
				SDKROOT = auto;
				SUPPORTED_PLATFORMS = "iphoneos iphonesimulator macosx";
				SWIFT_EMIT_LOC_STRINGS = YES;
				SWIFT_VERSION = 5.0;
				TARGETED_DEVICE_FAMILY = "1,2";
			};
			name = Debug;
		};
		9426D47129F7D067000F4168 /* Release */ = {
			isa = XCBuildConfiguration;
			buildSettings = {
				ASSETCATALOG_COMPILER_APPICON_NAME = AppIcon;
				ASSETCATALOG_COMPILER_GLOBAL_ACCENT_COLOR_NAME = AccentColor;
				CODE_SIGN_ENTITLEMENTS = kidsapp/kidsapp.entitlements;
				CODE_SIGN_STYLE = Automatic;
				CURRENT_PROJECT_VERSION = 1;
				DEVELOPMENT_TEAM = CV7W54NWGZ;
				ENABLE_HARDENED_RUNTIME = YES;
				ENABLE_PREVIEWS = YES;
				GENERATE_INFOPLIST_FILE = YES;
				"INFOPLIST_KEY_UIApplicationSceneManifest_Generation[sdk=iphoneos*]" = YES;
				"INFOPLIST_KEY_UIApplicationSceneManifest_Generation[sdk=iphonesimulator*]" = YES;
				"INFOPLIST_KEY_UIApplicationSupportsIndirectInputEvents[sdk=iphoneos*]" = YES;
				"INFOPLIST_KEY_UIApplicationSupportsIndirectInputEvents[sdk=iphonesimulator*]" = YES;
				"INFOPLIST_KEY_UILaunchScreen_Generation[sdk=iphoneos*]" = YES;
				"INFOPLIST_KEY_UILaunchScreen_Generation[sdk=iphonesimulator*]" = YES;
				"INFOPLIST_KEY_UIStatusBarStyle[sdk=iphoneos*]" = UIStatusBarStyleDefault;
				"INFOPLIST_KEY_UIStatusBarStyle[sdk=iphonesimulator*]" = UIStatusBarStyleDefault;
				INFOPLIST_KEY_UISupportedInterfaceOrientations = UIInterfaceOrientationPortrait;
				INFOPLIST_KEY_UISupportedInterfaceOrientations_iPad = "UIInterfaceOrientationLandscapeLeft UIInterfaceOrientationLandscapeRight UIInterfaceOrientationPortrait UIInterfaceOrientationPortraitUpsideDown";
				IPHONEOS_DEPLOYMENT_TARGET = 16.2;
				LD_RUNPATH_SEARCH_PATHS = "@executable_path/Frameworks";
				"LD_RUNPATH_SEARCH_PATHS[sdk=macosx*]" = "@executable_path/../Frameworks";
				MACOSX_DEPLOYMENT_TARGET = 12.6;
				MARKETING_VERSION = 1.0;
				PRODUCT_BUNDLE_IDENTIFIER = com.makeinindia.kidsapp;
				PRODUCT_NAME = "$(TARGET_NAME)";
				SDKROOT = auto;
				SUPPORTED_PLATFORMS = "iphoneos iphonesimulator macosx";
				SWIFT_EMIT_LOC_STRINGS = YES;
				SWIFT_VERSION = 5.0;
				TARGETED_DEVICE_FAMILY = "1,2";
			};
			name = Release;
		};
/* End XCBuildConfiguration section */

/* Begin XCConfigurationList section */
		9426D44529F7D064000F4168 /* Build configuration list for PBXProject "kidsapp" */ = {
			isa = XCConfigurationList;
			buildConfigurations = (
				9426D46D29F7D067000F4168 /* Debug */,
				9426D46E29F7D067000F4168 /* Release */,
			);
			defaultConfigurationIsVisible = 0;
			defaultConfigurationName = Release;
		};
		9426D46F29F7D067000F4168 /* Build configuration list for PBXNativeTarget "kidsapp" */ = {
			isa = XCConfigurationList;
			buildConfigurations = (
				9426D47029F7D067000F4168 /* Debug */,
				9426D47129F7D067000F4168 /* Release */,
			);
			defaultConfigurationIsVisible = 0;
			defaultConfigurationName = Release;
		};
/* End XCConfigurationList section */
	};
	rootObject = 9426D44229F7D064000F4168 /* Project object */;
}
