// !$*UTF8*$!
{
	archiveVersion = 1;
	classes = {
	};
	objectVersion = 56;
	objects = {

/* Begin PBXBuildFile section */
		9426D44E29F7D064000F4168 /* kidsappApp.swift in Sources */ = {isa = PBXBuildFile; fileRef = 9426D44D29F7D064000F4168 /* kidsappApp.swift */; };
		9426D45029F7D064000F4168 /* ContentView.swift in Sources */ = {isa = PBXBuildFile; fileRef = 9426D44F29F7D064000F4168 /* ContentView.swift */; };
		9426D45229F7D067000F4168 /* Assets.xcassets in Resources */ = {isa = PBXBuildFile; fileRef = 9426D45129F7D067000F4168 /* Assets.xcassets */; };
		9426D45629F7D067000F4168 /* Preview Assets.xcassets in Resources */ = {isa = PBXBuildFile; fileRef = 9426D45529F7D067000F4168 /* Preview Assets.xcassets */; };
		9426D46029F7D067000F4168 /* kidsappTests.swift in Sources */ = {isa = PBXBuildFile; fileRef = 9426D45F29F7D067000F4168 /* kidsappTests.swift */; };
		9426D46A29F7D067000F4168 /* kidsappUITests.swift in Sources */ = {isa = PBXBuildFile; fileRef = 9426D46929F7D067000F4168 /* kidsappUITests.swift */; };
		9426D46C29F7D067000F4168 /* kidsappUITestsLaunchTests.swift in Sources */ = {isa = PBXBuildFile; fileRef = 9426D46B29F7D067000F4168 /* kidsappUITestsLaunchTests.swift */; };
/* End PBXBuildFile section */

/* Begin PBXContainerItemProxy section */
		9426D45C29F7D067000F4168 /* PBXContainerItemProxy */ = {
			isa = PBXContainerItemProxy;
			containerPortal = 9426D44229F7D064000F4168 /* Project object */;
			proxyType = 1;
			remoteGlobalIDString = 9426D44929F7D064000F4168;
			remoteInfo = kidsapp;
		};
		9426D46629F7D067000F4168 /* PBXContainerItemProxy */ = {
			isa = PBXContainerItemProxy;
			containerPortal = 9426D44229F7D064000F4168 /* Project object */;
			proxyType = 1;
			remoteGlobalIDString = 9426D44929F7D064000F4168;
			remoteInfo = kidsapp;
		};
/* End PBXContainerItemProxy section */

/* Begin PBXFileReference section */
		9426D44A29F7D064000F4168 /* kidsapp.app */ = {isa = PBXFileReference; explicitFileType = wrapper.application; includeInIndex = 0; path = kidsapp.app; sourceTree = BUILT_PRODUCTS_DIR; };
		9426D44D29F7D064000F4168 /* kidsappApp.swift */ = {isa = PBXFileReference; lastKnownFileType = sourcecode.swift; path = kidsappApp.swift; sourceTree = "<group>"; };
		9426D44F29F7D064000F4168 /* ContentView.swift */ = {isa = PBXFileReference; lastKnownFileType = sourcecode.swift; path = ContentView.swift; sourceTree = "<group>"; };
		9426D45129F7D067000F4168 /* Assets.xcassets */ = {isa = PBXFileReference; lastKnownFileType = folder.assetcatalog; path = Assets.xcassets; sourceTree = "<group>"; };
		9426D45329F7D067000F4168 /* kidsapp.entitlements */ = {isa = PBXFileReference; lastKnownFileType = text.plist.entitlements; path = kidsapp.entitlements; sourceTree = "<group>"; };
		9426D45529F7D067000F4168 /* Preview Assets.xcassets */ = {isa = PBXFileReference; lastKnownFileType = folder.assetcatalog; path = "Preview Assets.xcassets"; sourceTree = "<group>"; };
		9426D45B29F7D067000F4168 /* kidsappTests.xctest */ = {isa = PBXFileReference; explicitFileType = wrapper.cfbundle; includeInIndex = 0; path = kidsappTests.xctest; sourceTree = BUILT_PRODUCTS_DIR; };
		9426D45F29F7D067000F4168 /* kidsappTests.swift */ = {isa = PBXFileReference; lastKnownFileType = sourcecode.swift; path = kidsappTests.swift; sourceTree = "<group>"; };
		9426D46529F7D067000F4168 /* kidsappUITests.xctest */ = {isa = PBXFileReference; explicitFileType = wrapper.cfbundle; includeInIndex = 0; path = kidsappUITests.xctest; sourceTree = BUILT_PRODUCTS_DIR; };
		9426D46929F7D067000F4168 /* kidsappUITests.swift */ = {isa = PBXFileReference; lastKnownFileType = sourcecode.swift; path = kidsappUITests.swift; sourceTree = "<group>"; };
		9426D46B29F7D067000F4168 /* kidsappUITestsLaunchTests.swift */ = {isa = PBXFileReference; lastKnownFileType = sourcecode.swift; path = kidsappUITestsLaunchTests.swift; sourceTree = "<group>"; };
/* End PBXFileReference section */

/* Begin PBXFrameworksBuildPhase section */
		9426D44729F7D064000F4168 /* Frameworks */ = {
			isa = PBXFrameworksBuildPhase;
			buildActionMask = 2147483647;
			files = (
			);
			runOnlyForDeploymentPostprocessing = 0;
		};
		9426D45829F7D067000F4168 /* Frameworks */ = {
			isa = PBXFrameworksBuildPhase;
			buildActionMask = 2147483647;
			files = (
			);
			runOnlyForDeploymentPostprocessing = 0;
		};
		9426D46229F7D067000F4168 /* Frameworks */ = {
			isa = PBXFrameworksBuildPhase;
			buildActionMask = 2147483647;
			files = (
			);
			runOnlyForDeploymentPostprocessing = 0;
		};
/* End PBXFrameworksBuildPhase section */

/* Begin PBXGroup section */
		9426D44129F7D064000F4168 = {
			isa = PBXGroup;
			children = (
				9426D44C29F7D064000F4168 /* kidsapp */,
				9426D45E29F7D067000F4168 /* kidsappTests */,
				9426D46829F7D067000F4168 /* kidsappUITests */,
				9426D44B29F7D064000F4168 /* Products */,
			);
			sourceTree = "<group>";
		};
		9426D44B29F7D064000F4168 /* Products */ = {
			isa = PBXGroup;
			children = (
				9426D44A29F7D064000F4168 /* kidsapp.app */,
				9426D45B29F7D067000F4168 /* kidsappTests.xctest */,
				9426D46529F7D067000F4168 /* kidsappUITests.xctest */,
			);
			name = Products;
			sourceTree = "<group>";
		};
		9426D44C29F7D064000F4168 /* kidsapp */ = {
			isa = PBXGroup;
			children = (
				9426D44D29F7D064000F4168 /* kidsappApp.swift */,
				9426D44F29F7D064000F4168 /* ContentView.swift */,
				9426D45129F7D067000F4168 /* Assets.xcassets */,
				9426D45329F7D067000F4168 /* kidsapp.entitlements */,
				9426D45429F7D067000F4168 /* Preview Content */,
			);
			path = kidsapp;
			sourceTree = "<group>";
		};
		9426D45429F7D067000F4168 /* Preview Content */ = {
			isa = PBXGroup;
			children = (
				9426D45529F7D067000F4168 /* Preview Assets.xcassets */,
			);
			path = "Preview Content";
			sourceTree = "<group>";
		};
		9426D45E29F7D067000F4168 /* kidsappTests */ = {
			isa = PBXGroup;
			children = (
				9426D45F29F7D067000F4168 /* kidsappTests.swift */,
			);
			path = kidsappTests;
			sourceTree = "<group>";
		};
		9426D46829F7D067000F4168 /* kidsappUITests */ = {
			isa = PBXGroup;
			children = (
				9426D46929F7D067000F4168 /* kidsappUITests.swift */,
				9426D46B29F7D067000F4168 /* kidsappUITestsLaunchTests.swift */,
			);
			path = kidsappUITests;
			sourceTree = "<group>";
		};
/* End PBXGroup section */

/* Begin PBXNativeTarget section */
		9426D44929F7D064000F4168 /* kidsapp */ = {
			isa = PBXNativeTarget;
			buildConfigurationList = 9426D46F29F7D067000F4168 /* Build configuration list for PBXNativeTarget "kidsapp" */;
			buildPhases = (
				9426D44629F7D064000F4168 /* Sources */,
				9426D44729F7D064000F4168 /* Frameworks */,
				9426D44829F7D064000F4168 /* Resources */,
			);
			buildRules = (
			);
			dependencies = (
			);
			name = kidsapp;
			productName = kidsapp;
			productReference = 9426D44A29F7D064000F4168 /* kidsapp.app */;
			productType = "com.apple.product-type.application";
		};
		9426D45A29F7D067000F4168 /* kidsappTests */ = {
			isa = PBXNativeTarget;
			buildConfigurationList = 9426D47229F7D067000F4168 /* Build configuration list for PBXNativeTarget "kidsappTests" */;
			buildPhases = (
				9426D45729F7D067000F4168 /* Sources */,
				9426D45829F7D067000F4168 /* Frameworks */,
				9426D45929F7D067000F4168 /* Resources */,
			);
			buildRules = (
			);
			dependencies = (
				9426D45D29F7D067000F4168 /* PBXTargetDependency */,
			);
			name = kidsappTests;
			productName = kidsappTests;
			productReference = 9426D45B29F7D067000F4168 /* kidsappTests.xctest */;
			productType = "com.apple.product-type.bundle.unit-test";
		};
		9426D46429F7D067000F4168 /* kidsappUITests */ = {
			isa = PBXNativeTarget;
			buildConfigurationList = 9426D47529F7D067000F4168 /* Build configuration list for PBXNativeTarget "kidsappUITests" */;
			buildPhases = (
				9426D46129F7D067000F4168 /* Sources */,
				9426D46229F7D067000F4168 /* Frameworks */,
				9426D46329F7D067000F4168 /* Resources */,
			);
			buildRules = (
			);
			dependencies = (
				9426D46729F7D067000F4168 /* PBXTargetDependency */,
			);
			name = kidsappUITests;
			productName = kidsappUITests;
			productReference = 9426D46529F7D067000F4168 /* kidsappUITests.xctest */;
			productType = "com.apple.product-type.bundle.ui-testing";
		};
/* End PBXNativeTarget section */

/* Begin PBXProject section */
		9426D44229F7D064000F4168 /* Project object */ = {
			isa = PBXProject;
			attributes = {
				BuildIndependentTargetsInParallel = 1;
				LastSwiftUpdateCheck = 1420;
				LastUpgradeCheck = 1420;
				TargetAttributes = {
					9426D44929F7D064000F4168 = {
						CreatedOnToolsVersion = 14.2;
					};
					9426D45A29F7D067000F4168 = {
						CreatedOnToolsVersion = 14.2;
						TestTargetID = 9426D44929F7D064000F4168;
					};
					9426D46429F7D067000F4168 = {
						CreatedOnToolsVersion = 14.2;
						TestTargetID = 9426D44929F7D064000F4168;
					};
				};
			};
			buildConfigurationList = 9426D44529F7D064000F4168 /* Build configuration list for PBXProject "kidsapp" */;
			compatibilityVersion = "Xcode 14.0";
			developmentRegion = en;
			hasScannedForEncodings = 0;
			knownRegions = (
				en,
				Base,
			);
			mainGroup = 9426D44129F7D064000F4168;
			productRefGroup = 9426D44B29F7D064000F4168 /* Products */;
			projectDirPath = "";
			projectRoot = "";
			targets = (
				9426D44929F7D064000F4168 /* kidsapp */,
				9426D45A29F7D067000F4168 /* kidsappTests */,
				9426D46429F7D067000F4168 /* kidsappUITests */,
			);
		};
/* End PBXProject section */

/* Begin PBXResourcesBuildPhase section */
		9426D44829F7D064000F4168 /* Resources */ = {
			isa = PBXResourcesBuildPhase;
			buildActionMask = 2147483647;
			files = (
				9426D45629F7D067000F4168 /* Preview Assets.xcassets in Resources */,
				9426D45229F7D067000F4168 /* Assets.xcassets in Resources */,
			);
			runOnlyForDeploymentPostprocessing = 0;
		};
		9426D45929F7D067000F4168 /* Resources */ = {
			isa = PBXResourcesBuildPhase;
			buildActionMask = 2147483647;
			files = (
			);
			runOnlyForDeploymentPostprocessing = 0;
		};
		9426D46329F7D067000F4168 /* Resources */ = {
			isa = PBXResourcesBuildPhase;
			buildActionMask = 2147483647;
			files = (
			);
			runOnlyForDeploymentPostprocessing = 0;
		};
/* End PBXResourcesBuildPhase section */

/* Begin PBXSourcesBuildPhase section */
		9426D44629F7D064000F4168 /* Sources */ = {
			isa = PBXSourcesBuildPhase;
			buildActionMask = 2147483647;
			files = (
				9426D45029F7D064000F4168 /* ContentView.swift in Sources */,
				9426D44E29F7D064000F4168 /* kidsappApp.swift in Sources */,
			);
			runOnlyForDeploymentPostprocessing = 0;
		};
		9426D45729F7D067000F4168 /* Sources */ = {
			isa = PBXSourcesBuildPhase;
			buildActionMask = 2147483647;
			files = (
				9426D46029F7D067000F4168 /* kidsappTests.swift in Sources */,
			);
			runOnlyForDeploymentPostprocessing = 0;
		};
		9426D46129F7D067000F4168 /* Sources */ = {
			isa = PBXSourcesBuildPhase;
			buildActionMask = 2147483647;
			files = (
				9426D46A29F7D067000F4168 /* kidsappUITests.swift in Sources */,
				9426D46C29F7D067000F4168 /* kidsappUITestsLaunchTests.swift in Sources */,
			);
			runOnlyForDeploymentPostprocessing = 0;
		};
/* End PBXSourcesBuildPhase section */

/* Begin PBXTargetDependency section */
		9426D45D29F7D067000F4168 /* PBXTargetDependency */ = {
			isa = PBXTargetDependency;
			target = 9426D44929F7D064000F4168 /* kidsapp */;
			targetProxy = 9426D45C29F7D067000F4168 /* PBXContainerItemProxy */;
		};
		9426D46729F7D067000F4168 /* PBXTargetDependency */ = {
			isa = PBXTargetDependency;
			target = 9426D44929F7D064000F4168 /* kidsapp */;
			targetProxy = 9426D46629F7D067000F4168 /* PBXContainerItemProxy */;
		};
/* End PBXTargetDependency section */

/* Begin XCBuildConfiguration section */
		9426D46D29F7D067000F4168 /* Debug */ = {
			isa = XCBuildConfiguration;
			buildSettings = {
				ALWAYS_SEARCH_USER_PATHS = NO;
				CLANG_ANALYZER_NONNULL = YES;
				CLANG_ANALYZER_NUMBER_OBJECT_CONVERSION = YES_AGGRESSIVE;
				CLANG_CXX_LANGUAGE_STANDARD = "gnu++20";
				CLANG_ENABLE_MODULES = YES;
				CLANG_ENABLE_OBJC_ARC = YES;
				CLANG_ENABLE_OBJC_WEAK = YES;
				CLANG_WARN_BLOCK_CAPTURE_AUTORELEASING = YES;
				CLANG_WARN_BOOL_CONVERSION = YES;
				CLANG_WARN_COMMA = YES;
				CLANG_WARN_CONSTANT_CONVERSION = YES;
				CLANG_WARN_DEPRECATED_OBJC_IMPLEMENTATIONS = YES;
				CLANG_WARN_DIRECT_OBJC_ISA_USAGE = YES_ERROR;
				CLANG_WARN_DOCUMENTATION_COMMENTS = YES;
				CLANG_WARN_EMPTY_BODY = YES;
				CLANG_WARN_ENUM_CONVERSION = YES;
				CLANG_WARN_INFINITE_RECURSION = YES;
				CLANG_WARN_INT_CONVERSION = YES;
				CLANG_WARN_NON_LITERAL_NULL_CONVERSION = YES;
				CLANG_WARN_OBJC_IMPLICIT_RETAIN_SELF = YES;
				CLANG_WARN_OBJC_LITERAL_CONVERSION = YES;
				CLANG_WARN_OBJC_ROOT_CLASS = YES_ERROR;
				CLANG_WARN_QUOTED_INCLUDE_IN_FRAMEWORK_HEADER = YES;
				CLANG_WARN_RANGE_LOOP_ANALYSIS = YES;
				CLANG_WARN_STRICT_PROTOTYPES = YES;
				CLANG_WARN_SUSPICIOUS_MOVE = YES;
				CLANG_WARN_UNGUARDED_AVAILABILITY = YES_AGGRESSIVE;
				CLANG_WARN_UNREACHABLE_CODE = YES;
				CLANG_WARN__DUPLICATE_METHOD_MATCH = YES;
				COPY_PHASE_STRIP = NO;
				DEBUG_INFORMATION_FORMAT = dwarf;
				ENABLE_STRICT_OBJC_MSGSEND = YES;
				ENABLE_TESTABILITY = YES;
				GCC_C_LANGUAGE_STANDARD = gnu11;
				GCC_DYNAMIC_NO_PIC = NO;
				GCC_NO_COMMON_BLOCKS = YES;
				GCC_OPTIMIZATION_LEVEL = 0;
				GCC_PREPROCESSOR_DEFINITIONS = (
					"DEBUG=1",
					"$(inherited)",
				);
				GCC_WARN_64_TO_32_BIT_CONVERSION = YES;
				GCC_WARN_ABOUT_RETURN_TYPE = YES_ERROR;
				GCC_WARN_UNDECLARED_SELECTOR = YES;
				GCC_WARN_UNINITIALIZED_AUTOS = YES_AGGRESSIVE;
				GCC_WARN_UNUSED_FUNCTION = YES;
				GCC_WARN_UNUSED_VARIABLE = YES;
				MTL_ENABLE_DEBUG_INFO = INCLUDE_SOURCE;
				MTL_FAST_MATH = YES;
				ONLY_ACTIVE_ARCH = YES;
				SWIFT_ACTIVE_COMPILATION_CONDITIONS = DEBUG;
				SWIFT_OPTIMIZATION_LEVEL = "-Onone";
			};
			name = Debug;
		};
		9426D46E29F7D067000F4168 /* Release */ = {
			isa = XCBuildConfiguration;
			buildSettings = {
				ALWAYS_SEARCH_USER_PATHS = NO;
				CLANG_ANALYZER_NONNULL = YES;
				CLANG_ANALYZER_NUMBER_OBJECT_CONVERSION = YES_AGGRESSIVE;
				CLANG_CXX_LANGUAGE_STANDARD = "gnu++20";
				CLANG_ENABLE_MODULES = YES;
				CLANG_ENABLE_OBJC_ARC = YES;
				CLANG_ENABLE_OBJC_WEAK = YES;
				CLANG_WARN_BLOCK_CAPTURE_AUTORELEASING = YES;
				CLANG_WARN_BOOL_CONVERSION = YES;
				CLANG_WARN_COMMA = YES;
				CLANG_WARN_CONSTANT_CONVERSION = YES;
				CLANG_WARN_DEPRECATED_OBJC_IMPLEMENTATIONS = YES;
				CLANG_WARN_DIRECT_OBJC_ISA_USAGE = YES_ERROR;
				CLANG_WARN_DOCUMENTATION_COMMENTS = YES;
				CLANG_WARN_EMPTY_BODY = YES;
				CLANG_WARN_ENUM_CONVERSION = YES;
				CLANG_WARN_INFINITE_RECURSION = YES;
				CLANG_WARN_INT_CONVERSION = YES;
				CLANG_WARN_NON_LITERAL_NULL_CONVERSION = YES;
				CLANG_WARN_OBJC_IMPLICIT_RETAIN_SELF = YES;
				CLANG_WARN_OBJC_LITERAL_CONVERSION = YES;
				CLANG_WARN_OBJC_ROOT_CLASS = YES_ERROR;
				CLANG_WARN_QUOTED_INCLUDE_IN_FRAMEWORK_HEADER = YES;
				CLANG_WARN_RANGE_LOOP_ANALYSIS = YES;
				CLANG_WARN_STRICT_PROTOTYPES = YES;
				CLANG_WARN_SUSPICIOUS_MOVE = YES;
				CLANG_WARN_UNGUARDED_AVAILABILITY = YES_AGGRESSIVE;
				CLANG_WARN_UNREACHABLE_CODE = YES;
				CLANG_WARN__DUPLICATE_METHOD_MATCH = YES;
				COPY_PHASE_STRIP = NO;
				DEBUG_INFORMATION_FORMAT = "dwarf-with-dsym";
				ENABLE_NS_ASSERTIONS = NO;
				ENABLE_STRICT_OBJC_MSGSEND = YES;
				GCC_C_LANGUAGE_STANDARD = gnu11;
				GCC_NO_COMMON_BLOCKS = YES;
				GCC_WARN_64_TO_32_BIT_CONVERSION = YES;
				GCC_WARN_ABOUT_RETURN_TYPE = YES_ERROR;
				GCC_WARN_UNDECLARED_SELECTOR = YES;
				GCC_WARN_UNINITIALIZED_AUTOS = YES_AGGRESSIVE;
				GCC_WARN_UNUSED_FUNCTION = YES;
				GCC_WARN_UNUSED_VARIABLE = YES;
				MTL_ENABLE_DEBUG_INFO = NO;
				MTL_FAST_MATH = YES;
				SWIFT_COMPILATION_MODE = wholemodule;
				SWIFT_OPTIMIZATION_LEVEL = "-O";
			};
			name = Release;
		};
		9426D47029F7D067000F4168 /* Debug */ = {
			isa = XCBuildConfiguration;
			buildSettings = {
				ASSETCATALOG_COMPILER_APPICON_NAME = AppIcon;
				ASSETCATALOG_COMPILER_GLOBAL_ACCENT_COLOR_NAME = AccentColor;
				CODE_SIGN_ENTITLEMENTS = kidsapp/kidsapp.entitlements;
				CODE_SIGN_STYLE = Automatic;
				CURRENT_PROJECT_VERSION = 1;
				DEVELOPMENT_ASSET_PATHS = "\"kidsapp/Preview Content\"";
				DEVELOPMENT_TEAM = CV7W54NWGZ;
				ENABLE_HARDENED_RUNTIME = YES;
				ENABLE_PREVIEWS = YES;
				GENERATE_INFOPLIST_FILE = YES;
				"INFOPLIST_KEY_UIApplicationSceneManifest_Generation[sdk=iphoneos*]" = YES;
				"INFOPLIST_KEY_UIApplicationSceneManifest_Generation[sdk=iphonesimulator*]" = YES;
				"INFOPLIST_KEY_UIApplicationSupportsIndirectInputEvents[sdk=iphoneos*]" = YES;
				"INFOPLIST_KEY_UIApplicationSupportsIndirectInputEvents[sdk=iphonesimulator*]" = YES;
				"INFOPLIST_KEY_UILaunchScreen_Generation[sdk=iphoneos*]" = YES;
				"INFOPLIST_KEY_UILaunchScreen_Generation[sdk=iphonesimulator*]" = YES;
				"INFOPLIST_KEY_UIStatusBarStyle[sdk=iphoneos*]" = UIStatusBarStyleDefault;
				"INFOPLIST_KEY_UIStatusBarStyle[sdk=iphonesimulator*]" = UIStatusBarStyleDefault;
				INFOPLIST_KEY_UISupportedInterfaceOrientations_iPad = "UIInterfaceOrientationPortrait UIInterfaceOrientationPortraitUpsideDown UIInterfaceOrientationLandscapeLeft UIInterfaceOrientationLandscapeRight";
				INFOPLIST_KEY_UISupportedInterfaceOrientations_iPhone = "UIInterfaceOrientationPortrait UIInterfaceOrientationLandscapeLeft UIInterfaceOrientationLandscapeRight";
				IPHONEOS_DEPLOYMENT_TARGET = 16.2;
				LD_RUNPATH_SEARCH_PATHS = "@executable_path/Frameworks";
				"LD_RUNPATH_SEARCH_PATHS[sdk=macosx*]" = "@executable_path/../Frameworks";
				MACOSX_DEPLOYMENT_TARGET = 12.6;
				MARKETING_VERSION = 1.0;
				PRODUCT_BUNDLE_IDENTIFIER = com.makeinindia.kidsapp;
				PRODUCT_NAME = "$(TARGET_NAME)";
				SDKROOT = auto;
				SUPPORTED_PLATFORMS = "iphoneos iphonesimulator macosx";
				SWIFT_EMIT_LOC_STRINGS = YES;
				SWIFT_VERSION = 5.0;
				TARGETED_DEVICE_FAMILY = "1,2";
			};
			name = Debug;
		};
		9426D47129F7D067000F4168 /* Release */ = {
			isa = XCBuildConfiguration;
			buildSettings = {
				ASSETCATALOG_COMPILER_APPICON_NAME = AppIcon;
				ASSETCATALOG_COMPILER_GLOBAL_ACCENT_COLOR_NAME = AccentColor;
				CODE_SIGN_ENTITLEMENTS = kidsapp/kidsapp.entitlements;
				CODE_SIGN_STYLE = Automatic;
				CURRENT_PROJECT_VERSION = 1;
				DEVELOPMENT_ASSET_PATHS = "\"kidsapp/Preview Content\"";
				DEVELOPMENT_TEAM = CV7W54NWGZ;
				ENABLE_HARDENED_RUNTIME = YES;
				ENABLE_PREVIEWS = YES;
				GENERATE_INFOPLIST_FILE = YES;
				"INFOPLIST_KEY_UIApplicationSceneManifest_Generation[sdk=iphoneos*]" = YES;
				"INFOPLIST_KEY_UIApplicationSceneManifest_Generation[sdk=iphonesimulator*]" = YES;
				"INFOPLIST_KEY_UIApplicationSupportsIndirectInputEvents[sdk=iphoneos*]" = YES;
				"INFOPLIST_KEY_UIApplicationSupportsIndirectInputEvents[sdk=iphonesimulator*]" = YES;
				"INFOPLIST_KEY_UILaunchScreen_Generation[sdk=iphoneos*]" = YES;
				"INFOPLIST_KEY_UILaunchScreen_Generation[sdk=iphonesimulator*]" = YES;
				"INFOPLIST_KEY_UIStatusBarStyle[sdk=iphoneos*]" = UIStatusBarStyleDefault;
				"INFOPLIST_KEY_UIStatusBarStyle[sdk=iphonesimulator*]" = UIStatusBarStyleDefault;
				INFOPLIST_KEY_UISupportedInterfaceOrientations_iPad = "UIInterfaceOrientationPortrait UIInterfaceOrientationPortraitUpsideDown UIInterfaceOrientationLandscapeLeft UIInterfaceOrientationLandscapeRight";
				INFOPLIST_KEY_UISupportedInterfaceOrientations_iPhone = "UIInterfaceOrientationPortrait UIInterfaceOrientationLandscapeLeft UIInterfaceOrientationLandscapeRight";
				IPHONEOS_DEPLOYMENT_TARGET = 16.2;
				LD_RUNPATH_SEARCH_PATHS = "@executable_path/Frameworks";
				"LD_RUNPATH_SEARCH_PATHS[sdk=macosx*]" = "@executable_path/../Frameworks";
				MACOSX_DEPLOYMENT_TARGET = 12.6;
				MARKETING_VERSION = 1.0;
				PRODUCT_BUNDLE_IDENTIFIER = com.makeinindia.kidsapp;
				PRODUCT_NAME = "$(TARGET_NAME)";
				SDKROOT = auto;
				SUPPORTED_PLATFORMS = "iphoneos iphonesimulator macosx";
				SWIFT_EMIT_LOC_STRINGS = YES;
				SWIFT_VERSION = 5.0;
				TARGETED_DEVICE_FAMILY = "1,2";
			};
			name = Release;
		};
		9426D47329F7D067000F4168 /* Debug */ = {
			isa = XCBuildConfiguration;
			buildSettings = {
				ALWAYS_EMBED_SWIFT_STANDARD_LIBRARIES = YES;
				BUNDLE_LOADER = "$(TEST_HOST)";
				CODE_SIGN_STYLE = Automatic;
				CURRENT_PROJECT_VERSION = 1;
				DEVELOPMENT_TEAM = CV7W54NWGZ;
				GENERATE_INFOPLIST_FILE = YES;
				IPHONEOS_DEPLOYMENT_TARGET = 16.2;
				MACOSX_DEPLOYMENT_TARGET = 12.6;
				MARKETING_VERSION = 1.0;
				PRODUCT_BUNDLE_IDENTIFIER = com.makeinindia.kidsappTests;
				PRODUCT_NAME = "$(TARGET_NAME)";
				SDKROOT = auto;
				SUPPORTED_PLATFORMS = "iphoneos iphonesimulator macosx";
				SWIFT_EMIT_LOC_STRINGS = NO;
				SWIFT_VERSION = 5.0;
				TARGETED_DEVICE_FAMILY = "1,2";
				TEST_HOST = "$(BUILT_PRODUCTS_DIR)/kidsapp.app/$(BUNDLE_EXECUTABLE_FOLDER_PATH)/kidsapp";
			};
			name = Debug;
		};
		9426D47429F7D067000F4168 /* Release */ = {
			isa = XCBuildConfiguration;
			buildSettings = {
				ALWAYS_EMBED_SWIFT_STANDARD_LIBRARIES = YES;
				BUNDLE_LOADER = "$(TEST_HOST)";
				CODE_SIGN_STYLE = Automatic;
				CURRENT_PROJECT_VERSION = 1;
				DEVELOPMENT_TEAM = CV7W54NWGZ;
				GENERATE_INFOPLIST_FILE = YES;
				IPHONEOS_DEPLOYMENT_TARGET = 16.2;
				MACOSX_DEPLOYMENT_TARGET = 12.6;
				MARKETING_VERSION = 1.0;
				PRODUCT_BUNDLE_IDENTIFIER = com.makeinindia.kidsappTests;
				PRODUCT_NAME = "$(TARGET_NAME)";
				SDKROOT = auto;
				SUPPORTED_PLATFORMS = "iphoneos iphonesimulator macosx";
				SWIFT_EMIT_LOC_STRINGS = NO;
				SWIFT_VERSION = 5.0;
				TARGETED_DEVICE_FAMILY = "1,2";
				TEST_HOST = "$(BUILT_PRODUCTS_DIR)/kidsapp.app/$(BUNDLE_EXECUTABLE_FOLDER_PATH)/kidsapp";
			};
			name = Release;
		};
		9426D47629F7D067000F4168 /* Debug */ = {
			isa = XCBuildConfiguration;
			buildSettings = {
				ALWAYS_EMBED_SWIFT_STANDARD_LIBRARIES = YES;
				CODE_SIGN_STYLE = Automatic;
				CURRENT_PROJECT_VERSION = 1;
				DEVELOPMENT_TEAM = CV7W54NWGZ;
				GENERATE_INFOPLIST_FILE = YES;
				IPHONEOS_DEPLOYMENT_TARGET = 16.2;
				MACOSX_DEPLOYMENT_TARGET = 12.6;
				MARKETING_VERSION = 1.0;
				PRODUCT_BUNDLE_IDENTIFIER = com.makeinindia.kidsappUITests;
				PRODUCT_NAME = "$(TARGET_NAME)";
				SDKROOT = auto;
				SUPPORTED_PLATFORMS = "iphoneos iphonesimulator macosx";
				SWIFT_EMIT_LOC_STRINGS = NO;
				SWIFT_VERSION = 5.0;
				TARGETED_DEVICE_FAMILY = "1,2";
				TEST_TARGET_NAME = kidsapp;
			};
			name = Debug;
		};
		9426D47729F7D067000F4168 /* Release */ = {
			isa = XCBuildConfiguration;
			buildSettings = {
				ALWAYS_EMBED_SWIFT_STANDARD_LIBRARIES = YES;
				CODE_SIGN_STYLE = Automatic;
				CURRENT_PROJECT_VERSION = 1;
				DEVELOPMENT_TEAM = CV7W54NWGZ;
				GENERATE_INFOPLIST_FILE = YES;
				IPHONEOS_DEPLOYMENT_TARGET = 16.2;
				MACOSX_DEPLOYMENT_TARGET = 12.6;
				MARKETING_VERSION = 1.0;
				PRODUCT_BUNDLE_IDENTIFIER = com.makeinindia.kidsappUITests;
				PRODUCT_NAME = "$(TARGET_NAME)";
				SDKROOT = auto;
				SUPPORTED_PLATFORMS = "iphoneos iphonesimulator macosx";
				SWIFT_EMIT_LOC_STRINGS = NO;
				SWIFT_VERSION = 5.0;
				TARGETED_DEVICE_FAMILY = "1,2";
				TEST_TARGET_NAME = kidsapp;
			};
			name = Release;
		};
/* End XCBuildConfiguration section */

/* Begin XCConfigurationList section */
		9426D44529F7D064000F4168 /* Build configuration list for PBXProject "kidsapp" */ = {
			isa = XCConfigurationList;
			buildConfigurations = (
				9426D46D29F7D067000F4168 /* Debug */,
				9426D46E29F7D067000F4168 /* Release */,
			);
			defaultConfigurationIsVisible = 0;
			defaultConfigurationName = Release;
		};
		9426D46F29F7D067000F4168 /* Build configuration list for PBXNativeTarget "kidsapp" */ = {
			isa = XCConfigurationList;
			buildConfigurations = (
				9426D47029F7D067000F4168 /* Debug */,
				9426D47129F7D067000F4168 /* Release */,
			);
			defaultConfigurationIsVisible = 0;
			defaultConfigurationName = Release;
		};
		9426D47229F7D067000F4168 /* Build configuration list for PBXNativeTarget "kidsappTests" */ = {
			isa = XCConfigurationList;
			buildConfigurations = (
				9426D47329F7D067000F4168 /* Debug */,
				9426D47429F7D067000F4168 /* Release */,
			);
			defaultConfigurationIsVisible = 0;
			defaultConfigurationName = Release;
		};
		9426D47529F7D067000F4168 /* Build configuration list for PBXNativeTarget "kidsappUITests" */ = {
			isa = XCConfigurationList;
			buildConfigurations = (
				9426D47629F7D067000F4168 /* Debug */,
				9426D47729F7D067000F4168 /* Release */,
			);
			defaultConfigurationIsVisible = 0;
			defaultConfigurationName = Release;
		};
/* End XCConfigurationList section */
	};
	rootObject = 9426D44229F7D064000F4168 /* Project object */;
}
